
Microsoft Visual Studio Solution File, Format Version 12.00
# Visual Studio Version 17
VisualStudioVersion = 17.3.32901.215
MinimumVisualStudioVersion = 10.0.40219.1
Project("{9A19103F-16F7-4668-BE54-9A1E7A4F7556}") = "ex1a", "ex1a\ex1a.csproj", "{A9009C1C-5565-4F46-AAFF-F79231F6FBD7}"
EndProject
Project("{9A19103F-16F7-4668-BE54-9A1E7A4F7556}") = "ex1b", "ex1b\ex1b.csproj", "{965311B0-6852-4BF0-A2D4-7FE5F6E92F93}"
EndProject
Project("{9A19103F-16F7-4668-BE54-9A1E7A4F7556}") = "ex1c", "Ex1C\ex1c.csproj", "{33AA7C46-12AB-491E-BDFC-D91E5989EF28}"
EndProject
Project("{FAE04EC0-301F-11D3-BF4B-00C04F79EFBC}") = "ex1d", "ex1d\ex1d.csproj", "{84F9F8C8-B8B2-4039-BD8F-BB1CB5132F9B}"
EndProject
Global
	GlobalSection(SolutionConfigurationPlatforms) = preSolution
		Debug|Any CPU = Debug|Any CPU
		Release|Any CPU = Release|Any CPU
	EndGlobalSection
	GlobalSection(ProjectConfigurationPlatforms) = postSolution
		{A9009C1C-5565-4F46-AAFF-F79231F6FBD7}.Debug|Any CPU.ActiveCfg = Debug|Any CPU
		{A9009C1C-5565-4F46-AAFF-F79231F6FBD7}.Debug|Any CPU.Build.0 = Debug|Any CPU
		{A9009C1C-5565-4F46-AAFF-F79231F6FBD7}.Release|Any CPU.ActiveCfg = Release|Any CPU
		{A9009C1C-5565-4F46-AAFF-F79231F6FBD7}.Release|Any CPU.Build.0 = Release|Any CPU
		{965311B0-6852-4BF0-A2D4-7FE5F6E92F93}.Debug|Any CPU.ActiveCfg = Debug|Any CPU
		{965311B0-6852-4BF0-A2D4-7FE5F6E92F93}.Debug|Any CPU.Build.0 = Debug|Any CPU
		{965311B0-6852-4BF0-A2D4-7FE5F6E92F93}.Release|Any CPU.ActiveCfg = Release|Any CPU
		{965311B0-6852-4BF0-A2D4-7FE5F6E92F93}.Release|Any CPU.Build.0 = Release|Any CPU
		{33AA7C46-12AB-491E-BDFC-D91E5989EF28}.Debug|Any CPU.ActiveCfg = Debug|Any CPU
		{33AA7C46-12AB-491E-BDFC-D91E5989EF28}.Debug|Any CPU.Build.0 = Debug|Any CPU
		{33AA7C46-12AB-491E-BDFC-D91E5989EF28}.Release|Any CPU.ActiveCfg = Release|Any CPU
		{33AA7C46-12AB-491E-BDFC-D91E5989EF28}.Release|Any CPU.Build.0 = Release|Any CPU
		{84F9F8C8-B8B2-4039-BD8F-BB1CB5132F9B}.Debug|Any CPU.ActiveCfg = Debug|Any CPU
		{84F9F8C8-B8B2-4039-BD8F-BB1CB5132F9B}.Debug|Any CPU.Build.0 = Debug|Any CPU
		{84F9F8C8-B8B2-4039-BD8F-BB1CB5132F9B}.Release|Any CPU.ActiveCfg = Release|Any CPU
		{84F9F8C8-B8B2-4039-BD8F-BB1CB5132F9B}.Release|Any CPU.Build.0 = Release|Any CPU
	EndGlobalSection
	GlobalSection(SolutionProperties) = preSolution
		HideSolutionNode = FALSE
	EndGlobalSection
	GlobalSection(ExtensibilityGlobals) = postSolution
		SolutionGuid = {67844E63-B9B4-43F1-86CE-EBCEB641351D}
	EndGlobalSection
EndGlobal
